
Microsoft Visual Studio Solution File, Format Version 12.00
# Visual Studio Version 17
VisualStudioVersion = 17.2.32526.322
MinimumVisualStudioVersion = 10.0.40219.1
Project("{9A19103F-16F7-4668-BE54-9A1E7A4F7556}") = "Inspecco_UI", "Inspecco_UI\Inspecco_UI.csproj", "{1155CDB6-CFAE-4D50-811D-333686DA13B6}"
EndProject
Project("{2150E333-8FDC-42A3-9474-1A3956D46DE8}") = "Template", "Template", "{CDD3B1C3-4E93-4E5E-AF0E-7344A84D9A0F}"
EndProject
Project("{2150E333-8FDC-42A3-9474-1A3956D46DE8}") = "HorizontalMenu", "HorizontalMenu", "{C146FDDB-58EA-490D-A82D-438F6F87F313}"
	ProjectSection(SolutionItems) = preProject
		C:\Users\ovsen\OneDrive\Masaüstü\horizontal-menu-template\app-access-permission.html = C:\Users\ovsen\OneDrive\Masaüstü\horizontal-menu-template\app-access-permission.html
		C:\Users\ovsen\OneDrive\Masaüstü\horizontal-menu-template\app-access-roles.html = C:\Users\ovsen\OneDrive\Masaüstü\horizontal-menu-template\app-access-roles.html
		C:\Users\ovsen\OneDrive\Masaüstü\horizontal-menu-template\app-calendar.html = C:\Users\ovsen\OneDrive\Masaüstü\horizontal-menu-template\app-calendar.html
		C:\Users\ovsen\OneDrive\Masaüstü\horizontal-menu-template\app-chat.html = C:\Users\ovsen\OneDrive\Masaüstü\horizontal-menu-template\app-chat.html
		C:\Users\ovsen\OneDrive\Masaüstü\horizontal-menu-template\app-ecommerce-checkout.html = C:\Users\ovsen\OneDrive\Masaüstü\horizontal-menu-template\app-ecommerce-checkout.html
		C:\Users\ovsen\OneDrive\Masaüstü\horizontal-menu-template\app-ecommerce-details.html = C:\Users\ovsen\OneDrive\Masaüstü\horizontal-menu-template\app-ecommerce-details.html
		C:\Users\ovsen\OneDrive\Masaüstü\horizontal-menu-template\app-ecommerce-shop.html = C:\Users\ovsen\OneDrive\Masaüstü\horizontal-menu-template\app-ecommerce-shop.html
		C:\Users\ovsen\OneDrive\Masaüstü\horizontal-menu-template\app-ecommerce-wishlist.html = C:\Users\ovsen\OneDrive\Masaüstü\horizontal-menu-template\app-ecommerce-wishlist.html
		C:\Users\ovsen\OneDrive\Masaüstü\horizontal-menu-template\app-email.html = C:\Users\ovsen\OneDrive\Masaüstü\horizontal-menu-template\app-email.html
		C:\Users\ovsen\OneDrive\Masaüstü\horizontal-menu-template\app-file-manager.html = C:\Users\ovsen\OneDrive\Masaüstü\horizontal-menu-template\app-file-manager.html
		C:\Users\ovsen\OneDrive\Masaüstü\horizontal-menu-template\app-invoice-add.html = C:\Users\ovsen\OneDrive\Masaüstü\horizontal-menu-template\app-invoice-add.html
		C:\Users\ovsen\OneDrive\Masaüstü\horizontal-menu-template\app-invoice-edit.html = C:\Users\ovsen\OneDrive\Masaüstü\horizontal-menu-template\app-invoice-edit.html
		C:\Users\ovsen\OneDrive\Masaüstü\horizontal-menu-template\app-invoice-list.html = C:\Users\ovsen\OneDrive\Masaüstü\horizontal-menu-template\app-invoice-list.html
		C:\Users\ovsen\OneDrive\Masaüstü\horizontal-menu-template\app-invoice-preview.html = C:\Users\ovsen\OneDrive\Masaüstü\horizontal-menu-template\app-invoice-preview.html
		C:\Users\ovsen\OneDrive\Masaüstü\horizontal-menu-template\app-invoice-print.html = C:\Users\ovsen\OneDrive\Masaüstü\horizontal-menu-template\app-invoice-print.html
		C:\Users\ovsen\OneDrive\Masaüstü\horizontal-menu-template\app-kanban.html = C:\Users\ovsen\OneDrive\Masaüstü\horizontal-menu-template\app-kanban.html
		C:\Users\ovsen\OneDrive\Masaüstü\horizontal-menu-template\app-todo.html = C:\Users\ovsen\OneDrive\Masaüstü\horizontal-menu-template\app-todo.html
		C:\Users\ovsen\OneDrive\Masaüstü\horizontal-menu-template\app-user-list.html = C:\Users\ovsen\OneDrive\Masaüstü\horizontal-menu-template\app-user-list.html
		C:\Users\ovsen\OneDrive\Masaüstü\horizontal-menu-template\app-user-view-account.html = C:\Users\ovsen\OneDrive\Masaüstü\horizontal-menu-template\app-user-view-account.html
		C:\Users\ovsen\OneDrive\Masaüstü\horizontal-menu-template\app-user-view-billing.html = C:\Users\ovsen\OneDrive\Masaüstü\horizontal-menu-template\app-user-view-billing.html
		C:\Users\ovsen\OneDrive\Masaüstü\horizontal-menu-template\app-user-view-connections.html = C:\Users\ovsen\OneDrive\Masaüstü\horizontal-menu-template\app-user-view-connections.html
		C:\Users\ovsen\OneDrive\Masaüstü\horizontal-menu-template\app-user-view-notifications.html = C:\Users\ovsen\OneDrive\Masaüstü\horizontal-menu-template\app-user-view-notifications.html
		C:\Users\ovsen\OneDrive\Masaüstü\horizontal-menu-template\app-user-view-security.html = C:\Users\ovsen\OneDrive\Masaüstü\horizontal-menu-template\app-user-view-security.html
		C:\Users\ovsen\OneDrive\Masaüstü\horizontal-menu-template\auth-forgot-password-basic.html = C:\Users\ovsen\OneDrive\Masaüstü\horizontal-menu-template\auth-forgot-password-basic.html
		C:\Users\ovsen\OneDrive\Masaüstü\horizontal-menu-template\auth-forgot-password-cover.html = C:\Users\ovsen\OneDrive\Masaüstü\horizontal-menu-template\auth-forgot-password-cover.html
		C:\Users\ovsen\OneDrive\Masaüstü\horizontal-menu-template\auth-login-basic.html = C:\Users\ovsen\OneDrive\Masaüstü\horizontal-menu-template\auth-login-basic.html
		C:\Users\ovsen\OneDrive\Masaüstü\horizontal-menu-template\auth-login-cover.html = C:\Users\ovsen\OneDrive\Masaüstü\horizontal-menu-template\auth-login-cover.html
		C:\Users\ovsen\OneDrive\Masaüstü\horizontal-menu-template\auth-register-basic.html = C:\Users\ovsen\OneDrive\Masaüstü\horizontal-menu-template\auth-register-basic.html
		C:\Users\ovsen\OneDrive\Masaüstü\horizontal-menu-template\auth-register-cover.html = C:\Users\ovsen\OneDrive\Masaüstü\horizontal-menu-template\auth-register-cover.html
		C:\Users\ovsen\OneDrive\Masaüstü\horizontal-menu-template\auth-register-multisteps.html = C:\Users\ovsen\OneDrive\Masaüstü\horizontal-menu-template\auth-register-multisteps.html
		C:\Users\ovsen\OneDrive\Masaüstü\horizontal-menu-template\auth-reset-password-basic.html = C:\Users\ovsen\OneDrive\Masaüstü\horizontal-menu-template\auth-reset-password-basic.html
		C:\Users\ovsen\OneDrive\Masaüstü\horizontal-menu-template\auth-reset-password-cover.html = C:\Users\ovsen\OneDrive\Masaüstü\horizontal-menu-template\auth-reset-password-cover.html
		C:\Users\ovsen\OneDrive\Masaüstü\horizontal-menu-template\auth-two-steps-basic.html = C:\Users\ovsen\OneDrive\Masaüstü\horizontal-menu-template\auth-two-steps-basic.html
		C:\Users\ovsen\OneDrive\Masaüstü\horizontal-menu-template\auth-two-steps-cover.html = C:\Users\ovsen\OneDrive\Masaüstü\horizontal-menu-template\auth-two-steps-cover.html
		C:\Users\ovsen\OneDrive\Masaüstü\horizontal-menu-template\auth-verify-email-basic.html = C:\Users\ovsen\OneDrive\Masaüstü\horizontal-menu-template\auth-verify-email-basic.html
		C:\Users\ovsen\OneDrive\Masaüstü\horizontal-menu-template\auth-verify-email-cover.html = C:\Users\ovsen\OneDrive\Masaüstü\horizontal-menu-template\auth-verify-email-cover.html
		C:\Users\ovsen\OneDrive\Masaüstü\horizontal-menu-template\card-actions.html = C:\Users\ovsen\OneDrive\Masaüstü\horizontal-menu-template\card-actions.html
		C:\Users\ovsen\OneDrive\Masaüstü\horizontal-menu-template\card-advance.html = C:\Users\ovsen\OneDrive\Masaüstü\horizontal-menu-template\card-advance.html
		C:\Users\ovsen\OneDrive\Masaüstü\horizontal-menu-template\card-analytics.html = C:\Users\ovsen\OneDrive\Masaüstü\horizontal-menu-template\card-analytics.html
		C:\Users\ovsen\OneDrive\Masaüstü\horizontal-menu-template\card-basic.html = C:\Users\ovsen\OneDrive\Masaüstü\horizontal-menu-template\card-basic.html
		C:\Users\ovsen\OneDrive\Masaüstü\horizontal-menu-template\card-statistics.html = C:\Users\ovsen\OneDrive\Masaüstü\horizontal-menu-template\card-statistics.html
		C:\Users\ovsen\OneDrive\Masaüstü\horizontal-menu-template\chart-apex.html = C:\Users\ovsen\OneDrive\Masaüstü\horizontal-menu-template\chart-apex.html
		C:\Users\ovsen\OneDrive\Masaüstü\horizontal-menu-template\chart-chartjs.html = C:\Users\ovsen\OneDrive\Masaüstü\horizontal-menu-template\chart-chartjs.html
		C:\Users\ovsen\OneDrive\Masaüstü\horizontal-menu-template\component-accordion.html = C:\Users\ovsen\OneDrive\Masaüstü\horizontal-menu-template\component-accordion.html
		C:\Users\ovsen\OneDrive\Masaüstü\horizontal-menu-template\component-alerts.html = C:\Users\ovsen\OneDrive\Masaüstü\horizontal-menu-template\component-alerts.html
		C:\Users\ovsen\OneDrive\Masaüstü\horizontal-menu-template\component-avatar.html = C:\Users\ovsen\OneDrive\Masaüstü\horizontal-menu-template\component-avatar.html
		C:\Users\ovsen\OneDrive\Masaüstü\horizontal-menu-template\component-badges.html = C:\Users\ovsen\OneDrive\Masaüstü\horizontal-menu-template\component-badges.html
		C:\Users\ovsen\OneDrive\Masaüstü\horizontal-menu-template\component-breadcrumbs.html = C:\Users\ovsen\OneDrive\Masaüstü\horizontal-menu-template\component-breadcrumbs.html
		C:\Users\ovsen\OneDrive\Masaüstü\horizontal-menu-template\component-bs-toast.html = C:\Users\ovsen\OneDrive\Masaüstü\horizontal-menu-template\component-bs-toast.html
		C:\Users\ovsen\OneDrive\Masaüstü\horizontal-menu-template\component-buttons.html = C:\Users\ovsen\OneDrive\Masaüstü\horizontal-menu-template\component-buttons.html
		C:\Users\ovsen\OneDrive\Masaüstü\horizontal-menu-template\component-carousel.html = C:\Users\ovsen\OneDrive\Masaüstü\horizontal-menu-template\component-carousel.html
		C:\Users\ovsen\OneDrive\Masaüstü\horizontal-menu-template\component-collapse.html = C:\Users\ovsen\OneDrive\Masaüstü\horizontal-menu-template\component-collapse.html
		C:\Users\ovsen\OneDrive\Masaüstü\horizontal-menu-template\component-divider.html = C:\Users\ovsen\OneDrive\Masaüstü\horizontal-menu-template\component-divider.html
		C:\Users\ovsen\OneDrive\Masaüstü\horizontal-menu-template\component-dropdowns.html = C:\Users\ovsen\OneDrive\Masaüstü\horizontal-menu-template\component-dropdowns.html
		C:\Users\ovsen\OneDrive\Masaüstü\horizontal-menu-template\component-list-group.html = C:\Users\ovsen\OneDrive\Masaüstü\horizontal-menu-template\component-list-group.html
		C:\Users\ovsen\OneDrive\Masaüstü\horizontal-menu-template\component-modals.html = C:\Users\ovsen\OneDrive\Masaüstü\horizontal-menu-template\component-modals.html
		C:\Users\ovsen\OneDrive\Masaüstü\horizontal-menu-template\component-navs-component.html = C:\Users\ovsen\OneDrive\Masaüstü\horizontal-menu-template\component-navs-component.html
		C:\Users\ovsen\OneDrive\Masaüstü\horizontal-menu-template\component-offcanvas.html = C:\Users\ovsen\OneDrive\Masaüstü\horizontal-menu-template\component-offcanvas.html
		C:\Users\ovsen\OneDrive\Masaüstü\horizontal-menu-template\component-pagination.html = C:\Users\ovsen\OneDrive\Masaüstü\horizontal-menu-template\component-pagination.html
		C:\Users\ovsen\OneDrive\Masaüstü\horizontal-menu-template\component-pill-badges.html = C:\Users\ovsen\OneDrive\Masaüstü\horizontal-menu-template\component-pill-badges.html
		C:\Users\ovsen\OneDrive\Masaüstü\horizontal-menu-template\component-pills-component.html = C:\Users\ovsen\OneDrive\Masaüstü\horizontal-menu-template\component-pills-component.html
		C:\Users\ovsen\OneDrive\Masaüstü\horizontal-menu-template\component-popovers.html = C:\Users\ovsen\OneDrive\Masaüstü\horizontal-menu-template\component-popovers.html
		C:\Users\ovsen\OneDrive\Masaüstü\horizontal-menu-template\component-progress.html = C:\Users\ovsen\OneDrive\Masaüstü\horizontal-menu-template\component-progress.html
		C:\Users\ovsen\OneDrive\Masaüstü\horizontal-menu-template\component-spinner.html = C:\Users\ovsen\OneDrive\Masaüstü\horizontal-menu-template\component-spinner.html
		C:\Users\ovsen\OneDrive\Masaüstü\horizontal-menu-template\component-tabs-component.html = C:\Users\ovsen\OneDrive\Masaüstü\horizontal-menu-template\component-tabs-component.html
		C:\Users\ovsen\OneDrive\Masaüstü\horizontal-menu-template\component-timeline.html = C:\Users\ovsen\OneDrive\Masaüstü\horizontal-menu-template\component-timeline.html
		C:\Users\ovsen\OneDrive\Masaüstü\horizontal-menu-template\component-tooltips.html = C:\Users\ovsen\OneDrive\Masaüstü\horizontal-menu-template\component-tooltips.html
		C:\Users\ovsen\OneDrive\Masaüstü\horizontal-menu-template\dashboard-analytics.html = C:\Users\ovsen\OneDrive\Masaüstü\horizontal-menu-template\dashboard-analytics.html
		C:\Users\ovsen\OneDrive\Masaüstü\horizontal-menu-template\dashboard-ecommerce.html = C:\Users\ovsen\OneDrive\Masaüstü\horizontal-menu-template\dashboard-ecommerce.html
		C:\Users\ovsen\OneDrive\Masaüstü\horizontal-menu-template\ext-component-blockui.html = C:\Users\ovsen\OneDrive\Masaüstü\horizontal-menu-template\ext-component-blockui.html
		C:\Users\ovsen\OneDrive\Masaüstü\horizontal-menu-template\ext-component-clipboard.html = C:\Users\ovsen\OneDrive\Masaüstü\horizontal-menu-template\ext-component-clipboard.html
		C:\Users\ovsen\OneDrive\Masaüstü\horizontal-menu-template\ext-component-context-menu.html = C:\Users\ovsen\OneDrive\Masaüstü\horizontal-menu-template\ext-component-context-menu.html
		C:\Users\ovsen\OneDrive\Masaüstü\horizontal-menu-template\ext-component-drag-drop.html = C:\Users\ovsen\OneDrive\Masaüstü\horizontal-menu-template\ext-component-drag-drop.html
		C:\Users\ovsen\OneDrive\Masaüstü\horizontal-menu-template\ext-component-i18n.html = C:\Users\ovsen\OneDrive\Masaüstü\horizontal-menu-template\ext-component-i18n.html
		C:\Users\ovsen\OneDrive\Masaüstü\horizontal-menu-template\ext-component-media-player.html = C:\Users\ovsen\OneDrive\Masaüstü\horizontal-menu-template\ext-component-media-player.html
		C:\Users\ovsen\OneDrive\Masaüstü\horizontal-menu-template\ext-component-ratings.html = C:\Users\ovsen\OneDrive\Masaüstü\horizontal-menu-template\ext-component-ratings.html
		C:\Users\ovsen\OneDrive\Masaüstü\horizontal-menu-template\ext-component-sliders.html = C:\Users\ovsen\OneDrive\Masaüstü\horizontal-menu-template\ext-component-sliders.html
		C:\Users\ovsen\OneDrive\Masaüstü\horizontal-menu-template\ext-component-sweet-alerts.html = C:\Users\ovsen\OneDrive\Masaüstü\horizontal-menu-template\ext-component-sweet-alerts.html
		C:\Users\ovsen\OneDrive\Masaüstü\horizontal-menu-template\ext-component-swiper.html = C:\Users\ovsen\OneDrive\Masaüstü\horizontal-menu-template\ext-component-swiper.html
		C:\Users\ovsen\OneDrive\Masaüstü\horizontal-menu-template\ext-component-toastr.html = C:\Users\ovsen\OneDrive\Masaüstü\horizontal-menu-template\ext-component-toastr.html
		C:\Users\ovsen\OneDrive\Masaüstü\horizontal-menu-template\ext-component-tour.html = C:\Users\ovsen\OneDrive\Masaüstü\horizontal-menu-template\ext-component-tour.html
		C:\Users\ovsen\OneDrive\Masaüstü\horizontal-menu-template\ext-component-tree.html = C:\Users\ovsen\OneDrive\Masaüstü\horizontal-menu-template\ext-component-tree.html
		C:\Users\ovsen\OneDrive\Masaüstü\horizontal-menu-template\form-checkbox.html = C:\Users\ovsen\OneDrive\Masaüstü\horizontal-menu-template\form-checkbox.html
		C:\Users\ovsen\OneDrive\Masaüstü\horizontal-menu-template\form-custom-options.html = C:\Users\ovsen\OneDrive\Masaüstü\horizontal-menu-template\form-custom-options.html
		C:\Users\ovsen\OneDrive\Masaüstü\horizontal-menu-template\form-date-time-picker.html = C:\Users\ovsen\OneDrive\Masaüstü\horizontal-menu-template\form-date-time-picker.html
		C:\Users\ovsen\OneDrive\Masaüstü\horizontal-menu-template\form-file-uploader.html = C:\Users\ovsen\OneDrive\Masaüstü\horizontal-menu-template\form-file-uploader.html
		C:\Users\ovsen\OneDrive\Masaüstü\horizontal-menu-template\form-input-groups.html = C:\Users\ovsen\OneDrive\Masaüstü\horizontal-menu-template\form-input-groups.html
		C:\Users\ovsen\OneDrive\Masaüstü\horizontal-menu-template\form-input-mask.html = C:\Users\ovsen\OneDrive\Masaüstü\horizontal-menu-template\form-input-mask.html
		C:\Users\ovsen\OneDrive\Masaüstü\horizontal-menu-template\form-input.html = C:\Users\ovsen\OneDrive\Masaüstü\horizontal-menu-template\form-input.html
		C:\Users\ovsen\OneDrive\Masaüstü\horizontal-menu-template\form-layout.html = C:\Users\ovsen\OneDrive\Masaüstü\horizontal-menu-template\form-layout.html
		C:\Users\ovsen\OneDrive\Masaüstü\horizontal-menu-template\form-number-input.html = C:\Users\ovsen\OneDrive\Masaüstü\horizontal-menu-template\form-number-input.html
		C:\Users\ovsen\OneDrive\Masaüstü\horizontal-menu-template\form-quill-editor.html = C:\Users\ovsen\OneDrive\Masaüstü\horizontal-menu-template\form-quill-editor.html
		C:\Users\ovsen\OneDrive\Masaüstü\horizontal-menu-template\form-radio.html = C:\Users\ovsen\OneDrive\Masaüstü\horizontal-menu-template\form-radio.html
		C:\Users\ovsen\OneDrive\Masaüstü\horizontal-menu-template\form-repeater.html = C:\Users\ovsen\OneDrive\Masaüstü\horizontal-menu-template\form-repeater.html
		C:\Users\ovsen\OneDrive\Masaüstü\horizontal-menu-template\form-select.html = C:\Users\ovsen\OneDrive\Masaüstü\horizontal-menu-template\form-select.html
		C:\Users\ovsen\OneDrive\Masaüstü\horizontal-menu-template\form-switch.html = C:\Users\ovsen\OneDrive\Masaüstü\horizontal-menu-template\form-switch.html
		C:\Users\ovsen\OneDrive\Masaüstü\horizontal-menu-template\form-textarea.html = C:\Users\ovsen\OneDrive\Masaüstü\horizontal-menu-template\form-textarea.html
		C:\Users\ovsen\OneDrive\Masaüstü\horizontal-menu-template\form-validation.html = C:\Users\ovsen\OneDrive\Masaüstü\horizontal-menu-template\form-validation.html
		C:\Users\ovsen\OneDrive\Masaüstü\horizontal-menu-template\form-wizard.html = C:\Users\ovsen\OneDrive\Masaüstü\horizontal-menu-template\form-wizard.html
		C:\Users\ovsen\OneDrive\Masaüstü\horizontal-menu-template\index.html = C:\Users\ovsen\OneDrive\Masaüstü\horizontal-menu-template\index.html
		C:\Users\ovsen\OneDrive\Masaüstü\horizontal-menu-template\layout-blank.html = C:\Users\ovsen\OneDrive\Masaüstü\horizontal-menu-template\layout-blank.html
		C:\Users\ovsen\OneDrive\Masaüstü\horizontal-menu-template\layout-empty.html = C:\Users\ovsen\OneDrive\Masaüstü\horizontal-menu-template\layout-empty.html
		C:\Users\ovsen\OneDrive\Masaüstü\horizontal-menu-template\layout-full.html = C:\Users\ovsen\OneDrive\Masaüstü\horizontal-menu-template\layout-full.html
		C:\Users\ovsen\OneDrive\Masaüstü\horizontal-menu-template\layout-without-menu.html = C:\Users\ovsen\OneDrive\Masaüstü\horizontal-menu-template\layout-without-menu.html
		C:\Users\ovsen\OneDrive\Masaüstü\horizontal-menu-template\maps-leaflet.html = C:\Users\ovsen\OneDrive\Masaüstü\horizontal-menu-template\maps-leaflet.html
		C:\Users\ovsen\OneDrive\Masaüstü\horizontal-menu-template\modal-examples.html = C:\Users\ovsen\OneDrive\Masaüstü\horizontal-menu-template\modal-examples.html
		C:\Users\ovsen\OneDrive\Masaüstü\horizontal-menu-template\page-account-settings-account.html = C:\Users\ovsen\OneDrive\Masaüstü\horizontal-menu-template\page-account-settings-account.html
		C:\Users\ovsen\OneDrive\Masaüstü\horizontal-menu-template\page-account-settings-billing.html = C:\Users\ovsen\OneDrive\Masaüstü\horizontal-menu-template\page-account-settings-billing.html
		C:\Users\ovsen\OneDrive\Masaüstü\horizontal-menu-template\page-account-settings-connections.html = C:\Users\ovsen\OneDrive\Masaüstü\horizontal-menu-template\page-account-settings-connections.html
		C:\Users\ovsen\OneDrive\Masaüstü\horizontal-menu-template\page-account-settings-notifications.html = C:\Users\ovsen\OneDrive\Masaüstü\horizontal-menu-template\page-account-settings-notifications.html
		C:\Users\ovsen\OneDrive\Masaüstü\horizontal-menu-template\page-account-settings-security.html = C:\Users\ovsen\OneDrive\Masaüstü\horizontal-menu-template\page-account-settings-security.html
		C:\Users\ovsen\OneDrive\Masaüstü\horizontal-menu-template\page-api-key.html = C:\Users\ovsen\OneDrive\Masaüstü\horizontal-menu-template\page-api-key.html
		C:\Users\ovsen\OneDrive\Masaüstü\horizontal-menu-template\page-blog-detail.html = C:\Users\ovsen\OneDrive\Masaüstü\horizontal-menu-template\page-blog-detail.html
		C:\Users\ovsen\OneDrive\Masaüstü\horizontal-menu-template\page-blog-edit.html = C:\Users\ovsen\OneDrive\Masaüstü\horizontal-menu-template\page-blog-edit.html
		C:\Users\ovsen\OneDrive\Masaüstü\horizontal-menu-template\page-blog-list.html = C:\Users\ovsen\OneDrive\Masaüstü\horizontal-menu-template\page-blog-list.html
		C:\Users\ovsen\OneDrive\Masaüstü\horizontal-menu-template\page-faq.html = C:\Users\ovsen\OneDrive\Masaüstü\horizontal-menu-template\page-faq.html
		C:\Users\ovsen\OneDrive\Masaüstü\horizontal-menu-template\page-kb-category.html = C:\Users\ovsen\OneDrive\Masaüstü\horizontal-menu-template\page-kb-category.html
		C:\Users\ovsen\OneDrive\Masaüstü\horizontal-menu-template\page-kb-question.html = C:\Users\ovsen\OneDrive\Masaüstü\horizontal-menu-template\page-kb-question.html
		C:\Users\ovsen\OneDrive\Masaüstü\horizontal-menu-template\page-knowledge-base.html = C:\Users\ovsen\OneDrive\Masaüstü\horizontal-menu-template\page-knowledge-base.html
		C:\Users\ovsen\OneDrive\Masaüstü\horizontal-menu-template\page-license.html = C:\Users\ovsen\OneDrive\Masaüstü\horizontal-menu-template\page-license.html
		C:\Users\ovsen\OneDrive\Masaüstü\horizontal-menu-template\page-misc-coming-soon.html = C:\Users\ovsen\OneDrive\Masaüstü\horizontal-menu-template\page-misc-coming-soon.html
		C:\Users\ovsen\OneDrive\Masaüstü\horizontal-menu-template\page-misc-error.html = C:\Users\ovsen\OneDrive\Masaüstü\horizontal-menu-template\page-misc-error.html
		C:\Users\ovsen\OneDrive\Masaüstü\horizontal-menu-template\page-misc-not-authorized.html = C:\Users\ovsen\OneDrive\Masaüstü\horizontal-menu-template\page-misc-not-authorized.html
		C:\Users\ovsen\OneDrive\Masaüstü\horizontal-menu-template\page-misc-under-maintenance.html = C:\Users\ovsen\OneDrive\Masaüstü\horizontal-menu-template\page-misc-under-maintenance.html
		C:\Users\ovsen\OneDrive\Masaüstü\horizontal-menu-template\page-pricing.html = C:\Users\ovsen\OneDrive\Masaüstü\horizontal-menu-template\page-pricing.html
		C:\Users\ovsen\OneDrive\Masaüstü\horizontal-menu-template\page-profile.html = C:\Users\ovsen\OneDrive\Masaüstü\horizontal-menu-template\page-profile.html
		C:\Users\ovsen\OneDrive\Masaüstü\horizontal-menu-template\table-bootstrap.html = C:\Users\ovsen\OneDrive\Masaüstü\horizontal-menu-template\table-bootstrap.html
		C:\Users\ovsen\OneDrive\Masaüstü\horizontal-menu-template\table-datatable-advanced.html = C:\Users\ovsen\OneDrive\Masaüstü\horizontal-menu-template\table-datatable-advanced.html
		C:\Users\ovsen\OneDrive\Masaüstü\horizontal-menu-template\table-datatable-basic.html = C:\Users\ovsen\OneDrive\Masaüstü\horizontal-menu-template\table-datatable-basic.html
		C:\Users\ovsen\OneDrive\Masaüstü\horizontal-menu-template\ui-feather.html = C:\Users\ovsen\OneDrive\Masaüstü\horizontal-menu-template\ui-feather.html
		C:\Users\ovsen\OneDrive\Masaüstü\horizontal-menu-template\ui-typography.html = C:\Users\ovsen\OneDrive\Masaüstü\horizontal-menu-template\ui-typography.html
	EndProjectSection
EndProject
Global
	GlobalSection(SolutionConfigurationPlatforms) = preSolution
		Debug|Any CPU = Debug|Any CPU
		Release|Any CPU = Release|Any CPU
	EndGlobalSection
	GlobalSection(ProjectConfigurationPlatforms) = postSolution
		{1155CDB6-CFAE-4D50-811D-333686DA13B6}.Debug|Any CPU.ActiveCfg = Debug|Any CPU
		{1155CDB6-CFAE-4D50-811D-333686DA13B6}.Debug|Any CPU.Build.0 = Debug|Any CPU
		{1155CDB6-CFAE-4D50-811D-333686DA13B6}.Release|Any CPU.ActiveCfg = Release|Any CPU
		{1155CDB6-CFAE-4D50-811D-333686DA13B6}.Release|Any CPU.Build.0 = Release|Any CPU
	EndGlobalSection
	GlobalSection(SolutionProperties) = preSolution
		HideSolutionNode = FALSE
	EndGlobalSection
	GlobalSection(NestedProjects) = preSolution
		{C146FDDB-58EA-490D-A82D-438F6F87F313} = {CDD3B1C3-4E93-4E5E-AF0E-7344A84D9A0F}
	EndGlobalSection
	GlobalSection(ExtensibilityGlobals) = postSolution
		SolutionGuid = {43FE8D99-F08E-4A96-913D-6E89DC6500F9}
	EndGlobalSection
EndGlobal
